
Microsoft Visual Studio Solution File, Format Version 12.00
# Visual Studio Version 16
VisualStudioVersion = 16.0.30413.136
MinimumVisualStudioVersion = 10.0.40219.1
Project("{FAE04EC0-301F-11D3-BF4B-00C04F79EFBC}") = "WPF 5 - CRUD (University)", "WPF 5 - CRUD (University)\WPF 5 - CRUD (University).csproj", "{C07946E1-ACA8-47BA-A6AF-B0FAE17B2427}"
EndProject
Project("{FAE04EC0-301F-11D3-BF4B-00C04F79EFBC}") = "WPF 5 - CRUD (Provide factory)", "WPF 5 - CRUD (Provide factory)\WPF 5 - CRUD (Provide factory).csproj", "{32682FBF-0F60-4C81-9988-282C456A3707}"
EndProject
Global
	GlobalSection(SolutionConfigurationPlatforms) = preSolution
		Debug|Any CPU = Debug|Any CPU
		Release|Any CPU = Release|Any CPU
	EndGlobalSection
	GlobalSection(ProjectConfigurationPlatforms) = postSolution
		{C07946E1-ACA8-47BA-A6AF-B0FAE17B2427}.Debug|Any CPU.ActiveCfg = Debug|Any CPU
		{C07946E1-ACA8-47BA-A6AF-B0FAE17B2427}.Debug|Any CPU.Build.0 = Debug|Any CPU
		{C07946E1-ACA8-47BA-A6AF-B0FAE17B2427}.Release|Any CPU.ActiveCfg = Release|Any CPU
		{C07946E1-ACA8-47BA-A6AF-B0FAE17B2427}.Release|Any CPU.Build.0 = Release|Any CPU
		{32682FBF-0F60-4C81-9988-282C456A3707}.Debug|Any CPU.ActiveCfg = Debug|Any CPU
		{32682FBF-0F60-4C81-9988-282C456A3707}.Debug|Any CPU.Build.0 = Debug|Any CPU
		{32682FBF-0F60-4C81-9988-282C456A3707}.Release|Any CPU.ActiveCfg = Release|Any CPU
		{32682FBF-0F60-4C81-9988-282C456A3707}.Release|Any CPU.Build.0 = Release|Any CPU
	EndGlobalSection
	GlobalSection(SolutionProperties) = preSolution
		HideSolutionNode = FALSE
	EndGlobalSection
	GlobalSection(ExtensibilityGlobals) = postSolution
		SolutionGuid = {EE49524C-A65D-4AC4-A8B5-33DF5C8B241C}
	EndGlobalSection
EndGlobal
