
Microsoft Visual Studio Solution File, Format Version 12.00
# Visual Studio Version 16
VisualStudioVersion = 16.0.30413.136
MinimumVisualStudioVersion = 10.0.40219.1
Project("{FAE04EC0-301F-11D3-BF4B-00C04F79EFBC}") = "WF - Task", "WF - Task\WF - Task.csproj", "{376D6294-3EB3-487D-98FA-A71ACA94FC8A}"
EndProject
Global
	GlobalSection(SolutionConfigurationPlatforms) = preSolution
		Debug|Any CPU = Debug|Any CPU
		Release|Any CPU = Release|Any CPU
	EndGlobalSection
	GlobalSection(ProjectConfigurationPlatforms) = postSolution
		{376D6294-3EB3-487D-98FA-A71ACA94FC8A}.Debug|Any CPU.ActiveCfg = Debug|Any CPU
		{376D6294-3EB3-487D-98FA-A71ACA94FC8A}.Debug|Any CPU.Build.0 = Debug|Any CPU
		{376D6294-3EB3-487D-98FA-A71ACA94FC8A}.Release|Any CPU.ActiveCfg = Release|Any CPU
		{376D6294-3EB3-487D-98FA-A71ACA94FC8A}.Release|Any CPU.Build.0 = Release|Any CPU
	EndGlobalSection
	GlobalSection(SolutionProperties) = preSolution
		HideSolutionNode = FALSE
	EndGlobalSection
	GlobalSection(ExtensibilityGlobals) = postSolution
		SolutionGuid = {76977C10-D46C-416C-861C-4C4677D890CD}
	EndGlobalSection
EndGlobal
