
Microsoft Visual Studio Solution File, Format Version 12.00
# Visual Studio Version 16
VisualStudioVersion = 16.0.30413.136
MinimumVisualStudioVersion = 10.0.40219.1
Project("{FAE04EC0-301F-11D3-BF4B-00C04F79EFBC}") = "WPF 7 - CRUD (AsyncDelegates)", "WPF 7 - CRUD (AsyncDelegates)\WPF 7 - CRUD (AsyncDelegates).csproj", "{8C14FCA3-79EC-4135-A724-52092F0327C5}"
EndProject
Global
	GlobalSection(SolutionConfigurationPlatforms) = preSolution
		Debug|Any CPU = Debug|Any CPU
		Release|Any CPU = Release|Any CPU
	EndGlobalSection
	GlobalSection(ProjectConfigurationPlatforms) = postSolution
		{8C14FCA3-79EC-4135-A724-52092F0327C5}.Debug|Any CPU.ActiveCfg = Debug|Any CPU
		{8C14FCA3-79EC-4135-A724-52092F0327C5}.Debug|Any CPU.Build.0 = Debug|Any CPU
		{8C14FCA3-79EC-4135-A724-52092F0327C5}.Release|Any CPU.ActiveCfg = Release|Any CPU
		{8C14FCA3-79EC-4135-A724-52092F0327C5}.Release|Any CPU.Build.0 = Release|Any CPU
	EndGlobalSection
	GlobalSection(SolutionProperties) = preSolution
		HideSolutionNode = FALSE
	EndGlobalSection
	GlobalSection(ExtensibilityGlobals) = postSolution
		SolutionGuid = {CE7F10D0-F7F3-4704-A51A-088E5A134BC8}
	EndGlobalSection
EndGlobal
